
Microsoft Visual Studio Solution File, Format Version 12.00
# Visual Studio Version 17
VisualStudioVersion = 17.8.34511.84
MinimumVisualStudioVersion = 10.0.40219.1
Project("{FAE04EC0-301F-11D3-BF4B-00C04F79EFBC}") = "RemedioDiario", "RemedioDiario.csproj", "{8BA36926-8869-43E7-9AD6-BA4FFBC863D9}"
EndProject
Global
	GlobalSection(SolutionConfigurationPlatforms) = preSolution
		Debug|Any CPU = Debug|Any CPU
		Release|Any CPU = Release|Any CPU
	EndGlobalSection
	GlobalSection(ProjectConfigurationPlatforms) = postSolution
		{8BA36926-8869-43E7-9AD6-BA4FFBC863D9}.Debug|Any CPU.ActiveCfg = Debug|Any CPU
		{8BA36926-8869-43E7-9AD6-BA4FFBC863D9}.Debug|Any CPU.Build.0 = Debug|Any CPU
		{8BA36926-8869-43E7-9AD6-BA4FFBC863D9}.Release|Any CPU.ActiveCfg = Release|Any CPU
		{8BA36926-8869-43E7-9AD6-BA4FFBC863D9}.Release|Any CPU.Build.0 = Release|Any CPU
	EndGlobalSection
	GlobalSection(SolutionProperties) = preSolution
		HideSolutionNode = FALSE
	EndGlobalSection
	GlobalSection(ExtensibilityGlobals) = postSolution
		SolutionGuid = {8D0B4D2B-9717-41EA-8510-E5586E9B60F0}
	EndGlobalSection
EndGlobal
